{
  "name": "diary-header",
  "version": "0.1.6",
  "lockfileVersion": 3,
  "requires": true,
  "packages": {
    "": {
      "name": "diary-header",
      "version": "0.1.6",
      "cpu": [
        "x64",
        "arm64"
      ],
      "hasInstallScript": true,
      "license": "MIT",
      "os": [
        "darwin",
        "linux",
        "win32"
      ],
      "dependencies": {
        "diary-header": "^0.1.6"
      },
      "bin": {
        "diary-header": "bin/diary-header.js"
      },
      "engines": {
        "node": ">=14"
      }
    },
    "node_modules/diary-header": {
      "version": "0.1.6",
      "resolved": "https://registry.npmjs.org/diary-header/-/diary-header-0.1.6.tgz",
      "integrity": "sha512-OesOuSTJZipF/LLoVzZgs6joxg6O5JjHG6iSYmDontxSpcAQwU6eD6nusJ0iLSST7wwP75S78/9WbyO3xGs2MQ==",
      "cpu": [
        "x64",
        "arm64"
      ],
      "hasInstallScript": true,
      "license": "MIT",
      "os": [
        "darwin",
        "linux",
        "win32"
      ],
      "bin": {
        "diary-header": "bin/diary-header.js"
      },
      "engines": {
        "node": ">=14"
      }
    }
  }
}
